// !$*UTF8*$!
{
	archiveVersion = 1;
	classes = {
	};
	objectVersion = 46;
	objects = {

/* Begin PBXBuildFile section */
		01258862208078BE00A2686D /* UIButton+Utils.h in Headers */ = {isa = PBXBuildFile; fileRef = 01258860208078BE00A2686D /* UIButton+Utils.h */; };
		01258863208078BE00A2686D /* UIButton+Utils.m in Sources */ = {isa = PBXBuildFile; fileRef = 01258861208078BE00A2686D /* UIButton+Utils.m */; };
		7301A1991DF54D2700274358 /* NSObject+Single.m in Sources */ = {isa = PBXBuildFile; fileRef = 7301A1981DF54D2700274358 /* NSObject+Single.m */; };
		730A34891CF46166001847E0 /* URLConfigurableInterceptor.m in Sources */ = {isa = PBXBuildFile; fileRef = 730A34881CF46166001847E0 /* URLConfigurableInterceptor.m */; };
		730A348A1CF46497001847E0 /* URLResult.m in Sources */ = {isa = PBXBuildFile; fileRef = 731A04A61CD3104300BFA726 /* URLResult.m */; };
		731A048C1CD30FBA00BFA726 /* NSError+URLRouter.m in Sources */ = {isa = PBXBuildFile; fileRef = 731A048B1CD30FBA00BFA726 /* NSError+URLRouter.m */; };
		731A048F1CD30FE200BFA726 /* UIViewController+URLRouter.m in Sources */ = {isa = PBXBuildFile; fileRef = 731A048E1CD30FE200BFA726 /* UIViewController+URLRouter.m */; };
		731A04981CD3100900BFA726 /* URLInput.m in Sources */ = {isa = PBXBuildFile; fileRef = 731A04971CD3100900BFA726 /* URLInput.m */; };
		731A049B1CD3101300BFA726 /* URLInterceptor.m in Sources */ = {isa = PBXBuildFile; fileRef = 731A049A1CD3101300BFA726 /* URLInterceptor.m */; };
		731A04A11CD3102E00BFA726 /* URLManager.m in Sources */ = {isa = PBXBuildFile; fileRef = 731A04A01CD3102E00BFA726 /* URLManager.m */; };
		731A04A41CD3103A00BFA726 /* URLOpenOptions.m in Sources */ = {isa = PBXBuildFile; fileRef = 731A04A31CD3103A00BFA726 /* URLOpenOptions.m */; };
		731A04AA1CD3104A00BFA726 /* URLRouter.m in Sources */ = {isa = PBXBuildFile; fileRef = 731A04A91CD3104A00BFA726 /* URLRouter.m */; };
		731A04AF1CD3341B00BFA726 /* URLHandler.m in Sources */ = {isa = PBXBuildFile; fileRef = 731A04AE1CD3341B00BFA726 /* URLHandler.m */; };
		732640271D1281CE00AB2EA7 /* LogHelper.m in Sources */ = {isa = PBXBuildFile; fileRef = 732640261D1281CE00AB2EA7 /* LogHelper.m */; };
		732B3B761DB9A427000A6A25 /* FileManager.m in Sources */ = {isa = PBXBuildFile; fileRef = 732B3B6A1DB9A427000A6A25 /* FileManager.m */; };
		732B3B771DB9A427000A6A25 /* UIView+Extension.m in Sources */ = {isa = PBXBuildFile; fileRef = 732B3B6E1DB9A427000A6A25 /* UIView+Extension.m */; };
		732B3B781DB9A427000A6A25 /* CircleLayer.m in Sources */ = {isa = PBXBuildFile; fileRef = 732B3B701DB9A427000A6A25 /* CircleLayer.m */; };
		732B3B791DB9A427000A6A25 /* PageView.m in Sources */ = {isa = PBXBuildFile; fileRef = 732B3B731DB9A427000A6A25 /* PageView.m */; };
		732B3B7A1DB9A427000A6A25 /* PageViewItem.m in Sources */ = {isa = PBXBuildFile; fileRef = 732B3B751DB9A427000A6A25 /* PageViewItem.m */; };
		732B3B7D1DB9A874000A6A25 /* MyProxy.m in Sources */ = {isa = PBXBuildFile; fileRef = 732B3B7C1DB9A874000A6A25 /* MyProxy.m */; };
		734C429E1D375FB800B19D82 /* NSTimer+YZT.m in Sources */ = {isa = PBXBuildFile; fileRef = 734C429D1D375FB800B19D82 /* NSTimer+YZT.m */; };
		735ADFBF1E83624D00F79620 /* TestViewController_1.h in Headers */ = {isa = PBXBuildFile; fileRef = 735ADFBD1E83624D00F79620 /* TestViewController_1.h */; };
		735ADFC01E83624D00F79620 /* TestViewController_1.m in Sources */ = {isa = PBXBuildFile; fileRef = 735ADFBE1E83624D00F79620 /* TestViewController_1.m */; };
		735ADFD31E83679000F79620 /* commonBundle.bundle in Resources */ = {isa = PBXBuildFile; fileRef = 735ADFD21E83679000F79620 /* commonBundle.bundle */; };
		736266F81FB2D3E6000A518B /* EmptySuperObj.h in Headers */ = {isa = PBXBuildFile; fileRef = 736266F61FB2D3E6000A518B /* EmptySuperObj.h */; };
		736266F91FB2D3E6000A518B /* EmptySuperObj.m in Sources */ = {isa = PBXBuildFile; fileRef = 736266F71FB2D3E6000A518B /* EmptySuperObj.m */; };
		736266FC1FB2D3FC000A518B /* EmptySubObj.h in Headers */ = {isa = PBXBuildFile; fileRef = 736266FA1FB2D3FC000A518B /* EmptySubObj.h */; };
		736266FD1FB2D3FC000A518B /* EmptySubObj.m in Sources */ = {isa = PBXBuildFile; fileRef = 736266FB1FB2D3FC000A518B /* EmptySubObj.m */; };
		736267001FB2D46B000A518B /* EmptySuperObj+Empty.h in Headers */ = {isa = PBXBuildFile; fileRef = 736266FE1FB2D46B000A518B /* EmptySuperObj+Empty.h */; };
		736267011FB2D46B000A518B /* EmptySuperObj+Empty.m in Sources */ = {isa = PBXBuildFile; fileRef = 736266FF1FB2D46B000A518B /* EmptySuperObj+Empty.m */; };
		739F10B11D055065005DA096 /* CoreFoundation.framework in Frameworks */ = {isa = PBXBuildFile; fileRef = 739F10B01D055065005DA096 /* CoreFoundation.framework */; };
		739F10B41D0550DC005DA096 /* RunLoopManager.m in Sources */ = {isa = PBXBuildFile; fileRef = 739F10B31D0550DC005DA096 /* RunLoopManager.m */; };
		73A041261DF7A7E100C44D22 /* RaySingleCommand.m in Sources */ = {isa = PBXBuildFile; fileRef = 73A041251DF7A7E100C44D22 /* RaySingleCommand.m */; };
		73A041291DF7AA3C00C44D22 /* UIButton+Signal.m in Sources */ = {isa = PBXBuildFile; fileRef = 73A041281DF7AA3C00C44D22 /* UIButton+Signal.m */; };
		73A042421DF93A6600C44D22 /* UIImage+Subimage.m in Sources */ = {isa = PBXBuildFile; fileRef = 73A042411DF93A6600C44D22 /* UIImage+Subimage.m */; };
		73A8B78D1E8F8C6B00303C4D /* LoadDataChart.h in Headers */ = {isa = PBXBuildFile; fileRef = 73A8B78B1E8F8C6B00303C4D /* LoadDataChart.h */; };
		73A8B78E1E8F8C6B00303C4D /* LoadDataChart.m in Sources */ = {isa = PBXBuildFile; fileRef = 73A8B78C1E8F8C6B00303C4D /* LoadDataChart.m */; };
		73A8B7911E8F8C7E00303C4D /* LoadChartDataSource.h in Headers */ = {isa = PBXBuildFile; fileRef = 73A8B78F1E8F8C7E00303C4D /* LoadChartDataSource.h */; };
		73A8B7921E8F8C7E00303C4D /* LoadChartDataSource.m in Sources */ = {isa = PBXBuildFile; fileRef = 73A8B7901E8F8C7E00303C4D /* LoadChartDataSource.m */; };
		73C10A631FA81A0A005E2B3B /* UIScrollView+EmptyDataSet.h in Headers */ = {isa = PBXBuildFile; fileRef = 73C10A611FA81A0A005E2B3B /* UIScrollView+EmptyDataSet.h */; };
		73C10A641FA81A0A005E2B3B /* UIScrollView+EmptyDataSet.m in Sources */ = {isa = PBXBuildFile; fileRef = 73C10A621FA81A0A005E2B3B /* UIScrollView+EmptyDataSet.m */; };
		73DFA7F21E0BAB0600CF2D84 /* UIView+Shape.m in Sources */ = {isa = PBXBuildFile; fileRef = 73DFA7F11E0BAB0600CF2D84 /* UIView+Shape.m */; };
		AE16FEC71F3BF5FB0050E892 /* ObjectProtectedManager.h in Headers */ = {isa = PBXBuildFile; fileRef = AE16FEC51F3BF5FB0050E892 /* ObjectProtectedManager.h */; };
		AE16FEC81F3BF5FB0050E892 /* ObjectProtectedManager.m in Sources */ = {isa = PBXBuildFile; fileRef = AE16FEC61F3BF5FB0050E892 /* ObjectProtectedManager.m */; };
		AE16FECB1F3BF6DA0050E892 /* NSObject+Runtime.h in Headers */ = {isa = PBXBuildFile; fileRef = AE16FEC91F3BF6DA0050E892 /* NSObject+Runtime.h */; };
		AE16FECC1F3BF6DA0050E892 /* NSObject+Runtime.m in Sources */ = {isa = PBXBuildFile; fileRef = AE16FECA1F3BF6DA0050E892 /* NSObject+Runtime.m */; };
/* End PBXBuildFile section */

/* Begin PBXContainerItemProxy section */
		735ADFD61E83688B00F79620 /* PBXContainerItemProxy */ = {
			isa = PBXContainerItemProxy;
			containerPortal = 7373D2D51CD0B7FB00332D91 /* Project object */;
			proxyType = 1;
			remoteGlobalIDString = 735ADFCA1E83673F00F79620;
			remoteInfo = simpleCommonBundle;
		};
/* End PBXContainerItemProxy section */

/* Begin PBXCopyFilesBuildPhase section */
		7373D2DB1CD0B7FB00332D91 /* CopyFiles */ = {
			isa = PBXCopyFilesBuildPhase;
			buildActionMask = 2147483647;
			dstPath = "include/$(PRODUCT_NAME)";
			dstSubfolderSpec = 16;
			files = (
			);
			runOnlyForDeploymentPostprocessing = 0;
		};
/* End PBXCopyFilesBuildPhase section */

/* Begin PBXFileReference section */
		01258860208078BE00A2686D /* UIButton+Utils.h */ = {isa = PBXFileReference; lastKnownFileType = sourcecode.c.h; path = "UIButton+Utils.h"; sourceTree = "<group>"; };
		01258861208078BE00A2686D /* UIButton+Utils.m */ = {isa = PBXFileReference; lastKnownFileType = sourcecode.c.objc; path = "UIButton+Utils.m"; sourceTree = "<group>"; };
		7301A1971DF54D2700274358 /* NSObject+Single.h */ = {isa = PBXFileReference; fileEncoding = 4; lastKnownFileType = sourcecode.c.h; path = "NSObject+Single.h"; sourceTree = "<group>"; };
		7301A1981DF54D2700274358 /* NSObject+Single.m */ = {isa = PBXFileReference; fileEncoding = 4; lastKnownFileType = sourcecode.c.objc; path = "NSObject+Single.m"; sourceTree = "<group>"; };
		730A34871CF46166001847E0 /* URLConfigurableInterceptor.h */ = {isa = PBXFileReference; fileEncoding = 4; lastKnownFileType = sourcecode.c.h; path = URLConfigurableInterceptor.h; sourceTree = "<group>"; };
		730A34881CF46166001847E0 /* URLConfigurableInterceptor.m */ = {isa = PBXFileReference; fileEncoding = 4; lastKnownFileType = sourcecode.c.objc; path = URLConfigurableInterceptor.m; sourceTree = "<group>"; };
		731A048A1CD30FBA00BFA726 /* NSError+URLRouter.h */ = {isa = PBXFileReference; fileEncoding = 4; lastKnownFileType = sourcecode.c.h; path = "NSError+URLRouter.h"; sourceTree = "<group>"; };
		731A048B1CD30FBA00BFA726 /* NSError+URLRouter.m */ = {isa = PBXFileReference; fileEncoding = 4; lastKnownFileType = sourcecode.c.objc; path = "NSError+URLRouter.m"; sourceTree = "<group>"; };
		731A048D1CD30FE200BFA726 /* UIViewController+URLRouter.h */ = {isa = PBXFileReference; fileEncoding = 4; lastKnownFileType = sourcecode.c.h; path = "UIViewController+URLRouter.h"; sourceTree = "<group>"; };
		731A048E1CD30FE200BFA726 /* UIViewController+URLRouter.m */ = {isa = PBXFileReference; fileEncoding = 4; lastKnownFileType = sourcecode.c.objc; path = "UIViewController+URLRouter.m"; sourceTree = "<group>"; };
		731A04931CD3100100BFA726 /* URLHandler.h */ = {isa = PBXFileReference; fileEncoding = 4; lastKnownFileType = sourcecode.c.h; path = URLHandler.h; sourceTree = "<group>"; };
		731A04961CD3100900BFA726 /* URLInput.h */ = {isa = PBXFileReference; fileEncoding = 4; lastKnownFileType = sourcecode.c.h; path = URLInput.h; sourceTree = "<group>"; };
		731A04971CD3100900BFA726 /* URLInput.m */ = {isa = PBXFileReference; fileEncoding = 4; lastKnownFileType = sourcecode.c.objc; path = URLInput.m; sourceTree = "<group>"; };
		731A04991CD3101300BFA726 /* URLInterceptor.h */ = {isa = PBXFileReference; fileEncoding = 4; lastKnownFileType = sourcecode.c.h; path = URLInterceptor.h; sourceTree = "<group>"; };
		731A049A1CD3101300BFA726 /* URLInterceptor.m */ = {isa = PBXFileReference; fileEncoding = 4; lastKnownFileType = sourcecode.c.objc; path = URLInterceptor.m; sourceTree = "<group>"; };
		731A049C1CD3102500BFA726 /* URLLog.h */ = {isa = PBXFileReference; fileEncoding = 4; lastKnownFileType = sourcecode.c.h; path = URLLog.h; sourceTree = "<group>"; };
		731A049F1CD3102E00BFA726 /* URLManager.h */ = {isa = PBXFileReference; fileEncoding = 4; lastKnownFileType = sourcecode.c.h; path = URLManager.h; sourceTree = "<group>"; };
		731A04A01CD3102E00BFA726 /* URLManager.m */ = {isa = PBXFileReference; fileEncoding = 4; lastKnownFileType = sourcecode.c.objc; path = URLManager.m; sourceTree = "<group>"; };
		731A04A21CD3103A00BFA726 /* URLOpenOptions.h */ = {isa = PBXFileReference; fileEncoding = 4; lastKnownFileType = sourcecode.c.h; path = URLOpenOptions.h; sourceTree = "<group>"; };
		731A04A31CD3103A00BFA726 /* URLOpenOptions.m */ = {isa = PBXFileReference; fileEncoding = 4; lastKnownFileType = sourcecode.c.objc; path = URLOpenOptions.m; sourceTree = "<group>"; };
		731A04A51CD3104300BFA726 /* URLResult.h */ = {isa = PBXFileReference; fileEncoding = 4; lastKnownFileType = sourcecode.c.h; path = URLResult.h; sourceTree = "<group>"; };
		731A04A61CD3104300BFA726 /* URLResult.m */ = {isa = PBXFileReference; fileEncoding = 4; lastKnownFileType = sourcecode.c.objc; path = URLResult.m; sourceTree = "<group>"; };
		731A04A81CD3104A00BFA726 /* URLRouter.h */ = {isa = PBXFileReference; fileEncoding = 4; lastKnownFileType = sourcecode.c.h; path = URLRouter.h; sourceTree = "<group>"; };
		731A04A91CD3104A00BFA726 /* URLRouter.m */ = {isa = PBXFileReference; fileEncoding = 4; lastKnownFileType = sourcecode.c.objc; path = URLRouter.m; sourceTree = "<group>"; };
		731A04AB1CD3105300BFA726 /* URLSupport.h */ = {isa = PBXFileReference; fileEncoding = 4; lastKnownFileType = sourcecode.c.h; path = URLSupport.h; sourceTree = "<group>"; };
		731A04AE1CD3341B00BFA726 /* URLHandler.m */ = {isa = PBXFileReference; fileEncoding = 4; lastKnownFileType = sourcecode.c.objc; path = URLHandler.m; sourceTree = "<group>"; };
		732640251D1281CE00AB2EA7 /* LogHelper.h */ = {isa = PBXFileReference; fileEncoding = 4; lastKnownFileType = sourcecode.c.h; path = LogHelper.h; sourceTree = "<group>"; };
		732640261D1281CE00AB2EA7 /* LogHelper.m */ = {isa = PBXFileReference; fileEncoding = 4; lastKnownFileType = sourcecode.c.objc; path = LogHelper.m; sourceTree = "<group>"; };
		732B3B691DB9A427000A6A25 /* FileManager.h */ = {isa = PBXFileReference; fileEncoding = 4; lastKnownFileType = sourcecode.c.h; path = FileManager.h; sourceTree = "<group>"; };
		732B3B6A1DB9A427000A6A25 /* FileManager.m */ = {isa = PBXFileReference; fileEncoding = 4; lastKnownFileType = sourcecode.c.objc; path = FileManager.m; sourceTree = "<group>"; };
		732B3B6D1DB9A427000A6A25 /* UIView+Extension.h */ = {isa = PBXFileReference; fileEncoding = 4; lastKnownFileType = sourcecode.c.h; path = "UIView+Extension.h"; sourceTree = "<group>"; };
		732B3B6E1DB9A427000A6A25 /* UIView+Extension.m */ = {isa = PBXFileReference; fileEncoding = 4; lastKnownFileType = sourcecode.c.objc; path = "UIView+Extension.m"; sourceTree = "<group>"; };
		732B3B6F1DB9A427000A6A25 /* CircleLayer.h */ = {isa = PBXFileReference; fileEncoding = 4; lastKnownFileType = sourcecode.c.h; path = CircleLayer.h; sourceTree = "<group>"; };
		732B3B701DB9A427000A6A25 /* CircleLayer.m */ = {isa = PBXFileReference; fileEncoding = 4; lastKnownFileType = sourcecode.c.objc; path = CircleLayer.m; sourceTree = "<group>"; };
		732B3B721DB9A427000A6A25 /* PageView.h */ = {isa = PBXFileReference; fileEncoding = 4; lastKnownFileType = sourcecode.c.h; path = PageView.h; sourceTree = "<group>"; };
		732B3B731DB9A427000A6A25 /* PageView.m */ = {isa = PBXFileReference; fileEncoding = 4; lastKnownFileType = sourcecode.c.objc; path = PageView.m; sourceTree = "<group>"; };
		732B3B741DB9A427000A6A25 /* PageViewItem.h */ = {isa = PBXFileReference; fileEncoding = 4; lastKnownFileType = sourcecode.c.h; path = PageViewItem.h; sourceTree = "<group>"; };
		732B3B751DB9A427000A6A25 /* PageViewItem.m */ = {isa = PBXFileReference; fileEncoding = 4; lastKnownFileType = sourcecode.c.objc; path = PageViewItem.m; sourceTree = "<group>"; };
		732B3B7B1DB9A874000A6A25 /* MyProxy.h */ = {isa = PBXFileReference; fileEncoding = 4; lastKnownFileType = sourcecode.c.h; path = MyProxy.h; sourceTree = "<group>"; };
		732B3B7C1DB9A874000A6A25 /* MyProxy.m */ = {isa = PBXFileReference; fileEncoding = 4; lastKnownFileType = sourcecode.c.objc; path = MyProxy.m; sourceTree = "<group>"; };
		734C429C1D375FB800B19D82 /* NSTimer+YZT.h */ = {isa = PBXFileReference; fileEncoding = 4; lastKnownFileType = sourcecode.c.h; path = "NSTimer+YZT.h"; sourceTree = "<group>"; };
		734C429D1D375FB800B19D82 /* NSTimer+YZT.m */ = {isa = PBXFileReference; fileEncoding = 4; lastKnownFileType = sourcecode.c.objc; path = "NSTimer+YZT.m"; sourceTree = "<group>"; };
		735ADFBD1E83624D00F79620 /* TestViewController_1.h */ = {isa = PBXFileReference; fileEncoding = 4; lastKnownFileType = sourcecode.c.h; path = TestViewController_1.h; sourceTree = "<group>"; };
		735ADFBE1E83624D00F79620 /* TestViewController_1.m */ = {isa = PBXFileReference; fileEncoding = 4; lastKnownFileType = sourcecode.c.objc; path = TestViewController_1.m; sourceTree = "<group>"; };
		735ADFCB1E83673F00F79620 /* simpleCommonBundle.bundle */ = {isa = PBXFileReference; explicitFileType = wrapper.cfbundle; includeInIndex = 0; path = simpleCommonBundle.bundle; sourceTree = BUILT_PRODUCTS_DIR; };
		735ADFCD1E83673F00F79620 /* Info.plist */ = {isa = PBXFileReference; lastKnownFileType = text.plist.xml; path = Info.plist; sourceTree = "<group>"; };
		735ADFD21E83679000F79620 /* commonBundle.bundle */ = {isa = PBXFileReference; lastKnownFileType = "wrapper.plug-in"; path = commonBundle.bundle; sourceTree = "<group>"; };
		736266F61FB2D3E6000A518B /* EmptySuperObj.h */ = {isa = PBXFileReference; lastKnownFileType = sourcecode.c.h; path = EmptySuperObj.h; sourceTree = "<group>"; };
		736266F71FB2D3E6000A518B /* EmptySuperObj.m */ = {isa = PBXFileReference; lastKnownFileType = sourcecode.c.objc; path = EmptySuperObj.m; sourceTree = "<group>"; };
		736266FA1FB2D3FC000A518B /* EmptySubObj.h */ = {isa = PBXFileReference; lastKnownFileType = sourcecode.c.h; path = EmptySubObj.h; sourceTree = "<group>"; };
		736266FB1FB2D3FC000A518B /* EmptySubObj.m */ = {isa = PBXFileReference; lastKnownFileType = sourcecode.c.objc; path = EmptySubObj.m; sourceTree = "<group>"; };
		736266FE1FB2D46B000A518B /* EmptySuperObj+Empty.h */ = {isa = PBXFileReference; lastKnownFileType = sourcecode.c.h; path = "EmptySuperObj+Empty.h"; sourceTree = "<group>"; };
		736266FF1FB2D46B000A518B /* EmptySuperObj+Empty.m */ = {isa = PBXFileReference; lastKnownFileType = sourcecode.c.objc; path = "EmptySuperObj+Empty.m"; sourceTree = "<group>"; };
		7373D2DD1CD0B7FB00332D91 /* libSimpleCommon.a */ = {isa = PBXFileReference; explicitFileType = archive.ar; includeInIndex = 0; path = libSimpleCommon.a; sourceTree = BUILT_PRODUCTS_DIR; };
		739F10B01D055065005DA096 /* CoreFoundation.framework */ = {isa = PBXFileReference; lastKnownFileType = wrapper.framework; name = CoreFoundation.framework; path = System/Library/Frameworks/CoreFoundation.framework; sourceTree = SDKROOT; };
		739F10B21D0550DC005DA096 /* RunLoopManager.h */ = {isa = PBXFileReference; fileEncoding = 4; lastKnownFileType = sourcecode.c.h; path = RunLoopManager.h; sourceTree = "<group>"; };
		739F10B31D0550DC005DA096 /* RunLoopManager.m */ = {isa = PBXFileReference; fileEncoding = 4; lastKnownFileType = sourcecode.c.objc; path = RunLoopManager.m; sourceTree = "<group>"; };
		73A041241DF7A7E100C44D22 /* RaySingleCommand.h */ = {isa = PBXFileReference; fileEncoding = 4; lastKnownFileType = sourcecode.c.h; path = RaySingleCommand.h; sourceTree = "<group>"; };
		73A041251DF7A7E100C44D22 /* RaySingleCommand.m */ = {isa = PBXFileReference; fileEncoding = 4; lastKnownFileType = sourcecode.c.objc; path = RaySingleCommand.m; sourceTree = "<group>"; };
		73A041271DF7AA3C00C44D22 /* UIButton+Signal.h */ = {isa = PBXFileReference; fileEncoding = 4; lastKnownFileType = sourcecode.c.h; path = "UIButton+Signal.h"; sourceTree = "<group>"; };
		73A041281DF7AA3C00C44D22 /* UIButton+Signal.m */ = {isa = PBXFileReference; fileEncoding = 4; lastKnownFileType = sourcecode.c.objc; path = "UIButton+Signal.m"; sourceTree = "<group>"; };
		73A042401DF93A6600C44D22 /* UIImage+Subimage.h */ = {isa = PBXFileReference; fileEncoding = 4; lastKnownFileType = sourcecode.c.h; path = "UIImage+Subimage.h"; sourceTree = "<group>"; };
		73A042411DF93A6600C44D22 /* UIImage+Subimage.m */ = {isa = PBXFileReference; fileEncoding = 4; lastKnownFileType = sourcecode.c.objc; path = "UIImage+Subimage.m"; sourceTree = "<group>"; };
		73A8B78B1E8F8C6B00303C4D /* LoadDataChart.h */ = {isa = PBXFileReference; fileEncoding = 4; lastKnownFileType = sourcecode.c.h; path = LoadDataChart.h; sourceTree = "<group>"; };
		73A8B78C1E8F8C6B00303C4D /* LoadDataChart.m */ = {isa = PBXFileReference; fileEncoding = 4; lastKnownFileType = sourcecode.c.objc; path = LoadDataChart.m; sourceTree = "<group>"; };
		73A8B78F1E8F8C7E00303C4D /* LoadChartDataSource.h */ = {isa = PBXFileReference; fileEncoding = 4; lastKnownFileType = sourcecode.c.h; path = LoadChartDataSource.h; sourceTree = "<group>"; };
		73A8B7901E8F8C7E00303C4D /* LoadChartDataSource.m */ = {isa = PBXFileReference; fileEncoding = 4; lastKnownFileType = sourcecode.c.objc; path = LoadChartDataSource.m; sourceTree = "<group>"; };
		73C10A611FA81A0A005E2B3B /* UIScrollView+EmptyDataSet.h */ = {isa = PBXFileReference; lastKnownFileType = sourcecode.c.h; path = "UIScrollView+EmptyDataSet.h"; sourceTree = "<group>"; };
		73C10A621FA81A0A005E2B3B /* UIScrollView+EmptyDataSet.m */ = {isa = PBXFileReference; lastKnownFileType = sourcecode.c.objc; path = "UIScrollView+EmptyDataSet.m"; sourceTree = "<group>"; };
		73DFA7F01E0BAB0600CF2D84 /* UIView+Shape.h */ = {isa = PBXFileReference; fileEncoding = 4; lastKnownFileType = sourcecode.c.h; path = "UIView+Shape.h"; sourceTree = "<group>"; };
		73DFA7F11E0BAB0600CF2D84 /* UIView+Shape.m */ = {isa = PBXFileReference; fileEncoding = 4; lastKnownFileType = sourcecode.c.objc; path = "UIView+Shape.m"; sourceTree = "<group>"; };
		AE16FEC51F3BF5FB0050E892 /* ObjectProtectedManager.h */ = {isa = PBXFileReference; fileEncoding = 4; lastKnownFileType = sourcecode.c.h; path = ObjectProtectedManager.h; sourceTree = "<group>"; };
		AE16FEC61F3BF5FB0050E892 /* ObjectProtectedManager.m */ = {isa = PBXFileReference; fileEncoding = 4; lastKnownFileType = sourcecode.c.objc; path = ObjectProtectedManager.m; sourceTree = "<group>"; };
		AE16FEC91F3BF6DA0050E892 /* NSObject+Runtime.h */ = {isa = PBXFileReference; fileEncoding = 4; lastKnownFileType = sourcecode.c.h; path = "NSObject+Runtime.h"; sourceTree = "<group>"; };
		AE16FECA1F3BF6DA0050E892 /* NSObject+Runtime.m */ = {isa = PBXFileReference; fileEncoding = 4; lastKnownFileType = sourcecode.c.objc; path = "NSObject+Runtime.m"; sourceTree = "<group>"; };
/* End PBXFileReference section */

/* Begin PBXFrameworksBuildPhase section */
		735ADFC81E83673F00F79620 /* Frameworks */ = {
			isa = PBXFrameworksBuildPhase;
			buildActionMask = 2147483647;
			files = (
			);
			runOnlyForDeploymentPostprocessing = 0;
		};
		7373D2DA1CD0B7FB00332D91 /* Frameworks */ = {
			isa = PBXFrameworksBuildPhase;
			buildActionMask = 2147483647;
			files = (
				739F10B11D055065005DA096 /* CoreFoundation.framework in Frameworks */,
			);
			runOnlyForDeploymentPostprocessing = 0;
		};
/* End PBXFrameworksBuildPhase section */

/* Begin PBXGroup section */
		732640241D12816900AB2EA7 /* Log */ = {
			isa = PBXGroup;
			children = (
				732640251D1281CE00AB2EA7 /* LogHelper.h */,
				732640261D1281CE00AB2EA7 /* LogHelper.m */,
			);
			path = Log;
			sourceTree = "<group>";
		};
		732B3B681DB9A427000A6A25 /* Utility */ = {
			isa = PBXGroup;
			children = (
				732B3B691DB9A427000A6A25 /* FileManager.h */,
				732B3B6A1DB9A427000A6A25 /* FileManager.m */,
				732B3B7B1DB9A874000A6A25 /* MyProxy.h */,
				732B3B7C1DB9A874000A6A25 /* MyProxy.m */,
				7301A1971DF54D2700274358 /* NSObject+Single.h */,
				7301A1981DF54D2700274358 /* NSObject+Single.m */,
			);
			path = Utility;
			sourceTree = "<group>";
		};
		732B3B6B1DB9A427000A6A25 /* View */ = {
			isa = PBXGroup;
			children = (
				73C10A601FA81918005E2B3B /* EmptyPlaceView */,
				73A8B78A1E8F8C3900303C4D /* LoadDataChart */,
				732B3B6C1DB9A427000A6A25 /* Category */,
				732B3B6F1DB9A427000A6A25 /* CircleLayer.h */,
				732B3B701DB9A427000A6A25 /* CircleLayer.m */,
				732B3B711DB9A427000A6A25 /* PageView */,
			);
			path = View;
			sourceTree = "<group>";
		};
		732B3B6C1DB9A427000A6A25 /* Category */ = {
			isa = PBXGroup;
			children = (
				732B3B6D1DB9A427000A6A25 /* UIView+Extension.h */,
				732B3B6E1DB9A427000A6A25 /* UIView+Extension.m */,
			);
			path = Category;
			sourceTree = "<group>";
		};
		732B3B711DB9A427000A6A25 /* PageView */ = {
			isa = PBXGroup;
			children = (
				732B3B721DB9A427000A6A25 /* PageView.h */,
				732B3B731DB9A427000A6A25 /* PageView.m */,
				732B3B741DB9A427000A6A25 /* PageViewItem.h */,
				732B3B751DB9A427000A6A25 /* PageViewItem.m */,
			);
			path = PageView;
			sourceTree = "<group>";
		};
		734C429B1D375F8B00B19D82 /* CommonCategory */ = {
			isa = PBXGroup;
			children = (
				AE16FEC91F3BF6DA0050E892 /* NSObject+Runtime.h */,
				AE16FECA1F3BF6DA0050E892 /* NSObject+Runtime.m */,
				734C429C1D375FB800B19D82 /* NSTimer+YZT.h */,
				734C429D1D375FB800B19D82 /* NSTimer+YZT.m */,
				73A042401DF93A6600C44D22 /* UIImage+Subimage.h */,
				73A042411DF93A6600C44D22 /* UIImage+Subimage.m */,
				73DFA7F01E0BAB0600CF2D84 /* UIView+Shape.h */,
				73DFA7F11E0BAB0600CF2D84 /* UIView+Shape.m */,
				01258860208078BE00A2686D /* UIButton+Utils.h */,
				01258861208078BE00A2686D /* UIButton+Utils.m */,
			);
			path = CommonCategory;
			sourceTree = "<group>";
		};
		735ADFBC1E83622300F79620 /* TestModule */ = {
			isa = PBXGroup;
			children = (
				735ADFBD1E83624D00F79620 /* TestViewController_1.h */,
				735ADFBE1E83624D00F79620 /* TestViewController_1.m */,
			);
			path = TestModule;
			sourceTree = "<group>";
		};
		735ADFCC1E83673F00F79620 /* simpleCommonBundle */ = {
			isa = PBXGroup;
			children = (
				735ADFCD1E83673F00F79620 /* Info.plist */,
			);
			path = simpleCommonBundle;
			sourceTree = "<group>";
		};
		735ADFD11E83679000F79620 /* Resource */ = {
			isa = PBXGroup;
			children = (
				735ADFD21E83679000F79620 /* commonBundle.bundle */,
			);
			path = Resource;
			sourceTree = "<group>";
		};
		7373D2D41CD0B7FB00332D91 = {
			isa = PBXGroup;
			children = (
				7373D2DF1CD0B7FB00332D91 /* SimpleCommon */,
				735ADFCC1E83673F00F79620 /* simpleCommonBundle */,
				739F10AB1D051C2A005DA096 /* Frameworks */,
				7373D2DE1CD0B7FB00332D91 /* Products */,
			);
			sourceTree = "<group>";
		};
		7373D2DE1CD0B7FB00332D91 /* Products */ = {
			isa = PBXGroup;
			children = (
				7373D2DD1CD0B7FB00332D91 /* libSimpleCommon.a */,
				735ADFCB1E83673F00F79620 /* simpleCommonBundle.bundle */,
			);
			name = Products;
			sourceTree = "<group>";
		};
		7373D2DF1CD0B7FB00332D91 /* SimpleCommon */ = {
			isa = PBXGroup;
			children = (
				AE16FEC41F3BF5E80050E892 /* ObjectProtected */,
				735ADFD11E83679000F79620 /* Resource */,
				735ADFBC1E83622300F79620 /* TestModule */,
				73A041231DF7A7C600C44D22 /* Signal */,
				732B3B681DB9A427000A6A25 /* Utility */,
				732B3B6B1DB9A427000A6A25 /* View */,
				734C429B1D375F8B00B19D82 /* CommonCategory */,
				732640241D12816900AB2EA7 /* Log */,
				739F10AC1D054E39005DA096 /* RunLoopExample */,
				738EB5971CD30B530004F8B3 /* URLRouter */,
			);
			path = SimpleCommon;
			sourceTree = "<group>";
		};
		738EB5971CD30B530004F8B3 /* URLRouter */ = {
			isa = PBXGroup;
			children = (
				731A048A1CD30FBA00BFA726 /* NSError+URLRouter.h */,
				731A048B1CD30FBA00BFA726 /* NSError+URLRouter.m */,
				731A048D1CD30FE200BFA726 /* UIViewController+URLRouter.h */,
				731A048E1CD30FE200BFA726 /* UIViewController+URLRouter.m */,
				731A04931CD3100100BFA726 /* URLHandler.h */,
				731A04AE1CD3341B00BFA726 /* URLHandler.m */,
				731A04961CD3100900BFA726 /* URLInput.h */,
				731A04971CD3100900BFA726 /* URLInput.m */,
				731A04991CD3101300BFA726 /* URLInterceptor.h */,
				731A049A1CD3101300BFA726 /* URLInterceptor.m */,
				731A049C1CD3102500BFA726 /* URLLog.h */,
				731A049F1CD3102E00BFA726 /* URLManager.h */,
				731A04A01CD3102E00BFA726 /* URLManager.m */,
				731A04A21CD3103A00BFA726 /* URLOpenOptions.h */,
				731A04A31CD3103A00BFA726 /* URLOpenOptions.m */,
				731A04A51CD3104300BFA726 /* URLResult.h */,
				731A04A61CD3104300BFA726 /* URLResult.m */,
				731A04A81CD3104A00BFA726 /* URLRouter.h */,
				731A04A91CD3104A00BFA726 /* URLRouter.m */,
				731A04AB1CD3105300BFA726 /* URLSupport.h */,
				730A34871CF46166001847E0 /* URLConfigurableInterceptor.h */,
				730A34881CF46166001847E0 /* URLConfigurableInterceptor.m */,
			);
			path = URLRouter;
			sourceTree = "<group>";
		};
		739F10AB1D051C2A005DA096 /* Frameworks */ = {
			isa = PBXGroup;
			children = (
				739F10B01D055065005DA096 /* CoreFoundation.framework */,
			);
			path = Frameworks;
			sourceTree = "<group>";
		};
		739F10AC1D054E39005DA096 /* RunLoopExample */ = {
			isa = PBXGroup;
			children = (
				739F10B21D0550DC005DA096 /* RunLoopManager.h */,
				739F10B31D0550DC005DA096 /* RunLoopManager.m */,
			);
			path = RunLoopExample;
			sourceTree = "<group>";
		};
		73A041231DF7A7C600C44D22 /* Signal */ = {
			isa = PBXGroup;
			children = (
				73A041241DF7A7E100C44D22 /* RaySingleCommand.h */,
				73A041251DF7A7E100C44D22 /* RaySingleCommand.m */,
				73A041271DF7AA3C00C44D22 /* UIButton+Signal.h */,
				73A041281DF7AA3C00C44D22 /* UIButton+Signal.m */,
			);
			path = Signal;
			sourceTree = "<group>";
		};
		73A8B78A1E8F8C3900303C4D /* LoadDataChart */ = {
			isa = PBXGroup;
			children = (
				73A8B78B1E8F8C6B00303C4D /* LoadDataChart.h */,
				73A8B78C1E8F8C6B00303C4D /* LoadDataChart.m */,
				73A8B78F1E8F8C7E00303C4D /* LoadChartDataSource.h */,
				73A8B7901E8F8C7E00303C4D /* LoadChartDataSource.m */,
			);
			path = LoadDataChart;
			sourceTree = "<group>";
		};
		73C10A601FA81918005E2B3B /* EmptyPlaceView */ = {
			isa = PBXGroup;
			children = (
				73C10A611FA81A0A005E2B3B /* UIScrollView+EmptyDataSet.h */,
				73C10A621FA81A0A005E2B3B /* UIScrollView+EmptyDataSet.m */,
				736266F61FB2D3E6000A518B /* EmptySuperObj.h */,
				736266F71FB2D3E6000A518B /* EmptySuperObj.m */,
				736266FA1FB2D3FC000A518B /* EmptySubObj.h */,
				736266FB1FB2D3FC000A518B /* EmptySubObj.m */,
				736266FE1FB2D46B000A518B /* EmptySuperObj+Empty.h */,
				736266FF1FB2D46B000A518B /* EmptySuperObj+Empty.m */,
			);
			path = EmptyPlaceView;
			sourceTree = "<group>";
		};
		AE16FEC41F3BF5E80050E892 /* ObjectProtected */ = {
			isa = PBXGroup;
			children = (
				AE16FEC51F3BF5FB0050E892 /* ObjectProtectedManager.h */,
				AE16FEC61F3BF5FB0050E892 /* ObjectProtectedManager.m */,
			);
			path = ObjectProtected;
			sourceTree = "<group>";
		};
/* End PBXGroup section */

/* Begin PBXHeadersBuildPhase section */
		735ADFB81E8359C200F79620 /* Headers */ = {
			isa = PBXHeadersBuildPhase;
			buildActionMask = 2147483647;
			files = (
				73C10A631FA81A0A005E2B3B /* UIScrollView+EmptyDataSet.h in Headers */,
				73A8B7911E8F8C7E00303C4D /* LoadChartDataSource.h in Headers */,
				AE16FECB1F3BF6DA0050E892 /* NSObject+Runtime.h in Headers */,
				735ADFBF1E83624D00F79620 /* TestViewController_1.h in Headers */,
				AE16FEC71F3BF5FB0050E892 /* ObjectProtectedManager.h in Headers */,
				736266F81FB2D3E6000A518B /* EmptySuperObj.h in Headers */,
				73A8B78D1E8F8C6B00303C4D /* LoadDataChart.h in Headers */,
				736267001FB2D46B000A518B /* EmptySuperObj+Empty.h in Headers */,
				01258862208078BE00A2686D /* UIButton+Utils.h in Headers */,
				736266FC1FB2D3FC000A518B /* EmptySubObj.h in Headers */,
			);
			runOnlyForDeploymentPostprocessing = 0;
		};
/* End PBXHeadersBuildPhase section */

/* Begin PBXNativeTarget section */
		735ADFCA1E83673F00F79620 /* simpleCommonBundle */ = {
			isa = PBXNativeTarget;
			buildConfigurationList = 735ADFCE1E83673F00F79620 /* Build configuration list for PBXNativeTarget "simpleCommonBundle" */;
			buildPhases = (
				735ADFC71E83673F00F79620 /* Sources */,
				735ADFC81E83673F00F79620 /* Frameworks */,
				735ADFC91E83673F00F79620 /* Resources */,
			);
			buildRules = (
			);
			dependencies = (
			);
			name = simpleCommonBundle;
			productName = simpleCommonBundle;
			productReference = 735ADFCB1E83673F00F79620 /* simpleCommonBundle.bundle */;
			productType = "com.apple.product-type.bundle";
		};
		7373D2DC1CD0B7FB00332D91 /* SimpleCommon */ = {
			isa = PBXNativeTarget;
			buildConfigurationList = 7373D2E61CD0B7FB00332D91 /* Build configuration list for PBXNativeTarget "SimpleCommon" */;
			buildPhases = (
				7373D2D91CD0B7FB00332D91 /* Sources */,
				7373D2DA1CD0B7FB00332D91 /* Frameworks */,
				7373D2DB1CD0B7FB00332D91 /* CopyFiles */,
				731A04B31CD3449100BFA726 /* Resources */,
				731A04B51CD3469800BFA726 /* ShellScript */,
				735ADFB81E8359C200F79620 /* Headers */,
			);
			buildRules = (
			);
			dependencies = (
				735ADFD71E83688B00F79620 /* PBXTargetDependency */,
			);
			name = SimpleCommon;
			productName = SimpleCommon;
			productReference = 7373D2DD1CD0B7FB00332D91 /* libSimpleCommon.a */;
			productType = "com.apple.product-type.library.static";
		};
/* End PBXNativeTarget section */

/* Begin PBXProject section */
		7373D2D51CD0B7FB00332D91 /* Project object */ = {
			isa = PBXProject;
			attributes = {
				LastUpgradeCheck = 0730;
				ORGANIZATIONNAME = wuyp;
				TargetAttributes = {
					735ADFCA1E83673F00F79620 = {
						CreatedOnToolsVersion = 8.2.1;
						DevelopmentTeam = F74GWC55U7;
						ProvisioningStyle = Automatic;
					};
					7373D2DC1CD0B7FB00332D91 = {
						CreatedOnToolsVersion = 7.3;
					};
				};
			};
			buildConfigurationList = 7373D2D81CD0B7FB00332D91 /* Build configuration list for PBXProject "SimpleCommon" */;
			compatibilityVersion = "Xcode 3.2";
			developmentRegion = English;
			hasScannedForEncodings = 0;
			knownRegions = (
				en,
			);
			mainGroup = 7373D2D41CD0B7FB00332D91;
			productRefGroup = 7373D2DE1CD0B7FB00332D91 /* Products */;
			projectDirPath = "";
			projectRoot = "";
			targets = (
				7373D2DC1CD0B7FB00332D91 /* SimpleCommon */,
				735ADFCA1E83673F00F79620 /* simpleCommonBundle */,
			);
		};
/* End PBXProject section */

/* Begin PBXResourcesBuildPhase section */
		731A04B31CD3449100BFA726 /* Resources */ = {
			isa = PBXResourcesBuildPhase;
			buildActionMask = 2147483647;
			files = (
			);
			runOnlyForDeploymentPostprocessing = 0;
		};
		735ADFC91E83673F00F79620 /* Resources */ = {
			isa = PBXResourcesBuildPhase;
			buildActionMask = 2147483647;
			files = (
				735ADFD31E83679000F79620 /* commonBundle.bundle in Resources */,
			);
			runOnlyForDeploymentPostprocessing = 0;
		};
/* End PBXResourcesBuildPhase section */

/* Begin PBXShellScriptBuildPhase section */
		731A04B51CD3469800BFA726 /* ShellScript */ = {
			isa = PBXShellScriptBuildPhase;
			buildActionMask = 2147483647;
			files = (
			);
			inputPaths = (
			);
			outputPaths = (
			);
			runOnlyForDeploymentPostprocessing = 0;
			shellPath = /bin/sh;
			shellScript = "";
		};
/* End PBXShellScriptBuildPhase section */

/* Begin PBXSourcesBuildPhase section */
		735ADFC71E83673F00F79620 /* Sources */ = {
			isa = PBXSourcesBuildPhase;
			buildActionMask = 2147483647;
			files = (
			);
			runOnlyForDeploymentPostprocessing = 0;
		};
		7373D2D91CD0B7FB00332D91 /* Sources */ = {
			isa = PBXSourcesBuildPhase;
			buildActionMask = 2147483647;
			files = (
				73A8B7921E8F8C7E00303C4D /* LoadChartDataSource.m in Sources */,
				732B3B771DB9A427000A6A25 /* UIView+Extension.m in Sources */,
				7301A1991DF54D2700274358 /* NSObject+Single.m in Sources */,
				730A348A1CF46497001847E0 /* URLResult.m in Sources */,
				AE16FECC1F3BF6DA0050E892 /* NSObject+Runtime.m in Sources */,
				730A34891CF46166001847E0 /* URLConfigurableInterceptor.m in Sources */,
				731A04981CD3100900BFA726 /* URLInput.m in Sources */,
				731A048F1CD30FE200BFA726 /* UIViewController+URLRouter.m in Sources */,
				73A041261DF7A7E100C44D22 /* RaySingleCommand.m in Sources */,
				01258863208078BE00A2686D /* UIButton+Utils.m in Sources */,
				73C10A641FA81A0A005E2B3B /* UIScrollView+EmptyDataSet.m in Sources */,
				736267011FB2D46B000A518B /* EmptySuperObj+Empty.m in Sources */,
				731A048C1CD30FBA00BFA726 /* NSError+URLRouter.m in Sources */,
				73A042421DF93A6600C44D22 /* UIImage+Subimage.m in Sources */,
				732B3B761DB9A427000A6A25 /* FileManager.m in Sources */,
				73A8B78E1E8F8C6B00303C4D /* LoadDataChart.m in Sources */,
				732B3B781DB9A427000A6A25 /* CircleLayer.m in Sources */,
				735ADFC01E83624D00F79620 /* TestViewController_1.m in Sources */,
				731A04A41CD3103A00BFA726 /* URLOpenOptions.m in Sources */,
				739F10B41D0550DC005DA096 /* RunLoopManager.m in Sources */,
				73A041291DF7AA3C00C44D22 /* UIButton+Signal.m in Sources */,
				73DFA7F21E0BAB0600CF2D84 /* UIView+Shape.m in Sources */,
				732B3B7A1DB9A427000A6A25 /* PageViewItem.m in Sources */,
				736266F91FB2D3E6000A518B /* EmptySuperObj.m in Sources */,
				732B3B7D1DB9A874000A6A25 /* MyProxy.m in Sources */,
				731A04AA1CD3104A00BFA726 /* URLRouter.m in Sources */,
				732640271D1281CE00AB2EA7 /* LogHelper.m in Sources */,
				731A04A11CD3102E00BFA726 /* URLManager.m in Sources */,
				AE16FEC81F3BF5FB0050E892 /* ObjectProtectedManager.m in Sources */,
				734C429E1D375FB800B19D82 /* NSTimer+YZT.m in Sources */,
				736266FD1FB2D3FC000A518B /* EmptySubObj.m in Sources */,
				732B3B791DB9A427000A6A25 /* PageView.m in Sources */,
				731A049B1CD3101300BFA726 /* URLInterceptor.m in Sources */,
				731A04AF1CD3341B00BFA726 /* URLHandler.m in Sources */,
			);
			runOnlyForDeploymentPostprocessing = 0;
		};
/* End PBXSourcesBuildPhase section */

/* Begin PBXTargetDependency section */
		735ADFD71E83688B00F79620 /* PBXTargetDependency */ = {
			isa = PBXTargetDependency;
			target = 735ADFCA1E83673F00F79620 /* simpleCommonBundle */;
			targetProxy = 735ADFD61E83688B00F79620 /* PBXContainerItemProxy */;
		};
/* End PBXTargetDependency section */

/* Begin XCBuildConfiguration section */
		735ADFCF1E83673F00F79620 /* Debug */ = {
			isa = XCBuildConfiguration;
			buildSettings = {
				CLANG_WARN_DOCUMENTATION_COMMENTS = YES;
				CLANG_WARN_INFINITE_RECURSION = YES;
				CLANG_WARN_SUSPICIOUS_MOVE = YES;
				CODE_SIGN_IDENTITY = "";
				COMBINE_HIDPI_IMAGES = YES;
				DEVELOPMENT_TEAM = F74GWC55U7;
				INFOPLIST_FILE = simpleCommonBundle/Info.plist;
				INSTALL_PATH = "$(LOCAL_LIBRARY_DIR)/Bundles";
				MACOSX_DEPLOYMENT_TARGET = 10.12;
				PRODUCT_BUNDLE_IDENTIFIER = com.raymond.simpleCommonBundle;
				PRODUCT_NAME = "$(TARGET_NAME)";
				SDKROOT = iphoneos;
				SKIP_INSTALL = YES;
				WRAPPER_EXTENSION = bundle;
			};
			name = Debug;
		};
		735ADFD01E83673F00F79620 /* Release */ = {
			isa = XCBuildConfiguration;
			buildSettings = {
				CLANG_WARN_DOCUMENTATION_COMMENTS = YES;
				CLANG_WARN_INFINITE_RECURSION = YES;
				CLANG_WARN_SUSPICIOUS_MOVE = YES;
				CODE_SIGN_IDENTITY = "";
				COMBINE_HIDPI_IMAGES = YES;
				DEVELOPMENT_TEAM = F74GWC55U7;
				INFOPLIST_FILE = simpleCommonBundle/Info.plist;
				INSTALL_PATH = "$(LOCAL_LIBRARY_DIR)/Bundles";
				MACOSX_DEPLOYMENT_TARGET = 10.12;
				PRODUCT_BUNDLE_IDENTIFIER = com.raymond.simpleCommonBundle;
				PRODUCT_NAME = "$(TARGET_NAME)";
				SDKROOT = iphoneos;
				SKIP_INSTALL = YES;
				WRAPPER_EXTENSION = bundle;
			};
			name = Release;
		};
		7373D2E41CD0B7FB00332D91 /* Debug */ = {
			isa = XCBuildConfiguration;
			buildSettings = {
				ALWAYS_SEARCH_USER_PATHS = NO;
				CLANG_ANALYZER_NONNULL = YES;
				CLANG_CXX_LANGUAGE_STANDARD = "gnu++0x";
				CLANG_CXX_LIBRARY = "libc++";
				CLANG_ENABLE_MODULES = YES;
				CLANG_ENABLE_OBJC_ARC = YES;
				CLANG_WARN_BOOL_CONVERSION = YES;
				CLANG_WARN_CONSTANT_CONVERSION = YES;
				CLANG_WARN_DIRECT_OBJC_ISA_USAGE = YES_ERROR;
				CLANG_WARN_EMPTY_BODY = YES;
				CLANG_WARN_ENUM_CONVERSION = YES;
				CLANG_WARN_INT_CONVERSION = YES;
				CLANG_WARN_OBJC_ROOT_CLASS = YES_ERROR;
				CLANG_WARN_UNREACHABLE_CODE = YES;
				CLANG_WARN__DUPLICATE_METHOD_MATCH = YES;
				"CODE_SIGN_IDENTITY[sdk=iphoneos*]" = "iPhone Developer";
				COPY_PHASE_STRIP = NO;
				DEBUG_INFORMATION_FORMAT = dwarf;
				ENABLE_STRICT_OBJC_MSGSEND = YES;
				ENABLE_TESTABILITY = YES;
				GCC_C_LANGUAGE_STANDARD = gnu99;
				GCC_DYNAMIC_NO_PIC = NO;
				GCC_NO_COMMON_BLOCKS = YES;
				GCC_OPTIMIZATION_LEVEL = 0;
				GCC_PREPROCESSOR_DEFINITIONS = (
					"DEBUG=1",
					"$(inherited)",
				);
				GCC_WARN_64_TO_32_BIT_CONVERSION = YES;
				GCC_WARN_ABOUT_RETURN_TYPE = YES_ERROR;
				GCC_WARN_UNDECLARED_SELECTOR = YES;
				GCC_WARN_UNINITIALIZED_AUTOS = YES_AGGRESSIVE;
				GCC_WARN_UNUSED_FUNCTION = YES;
				GCC_WARN_UNUSED_VARIABLE = YES;
				IPHONEOS_DEPLOYMENT_TARGET = 7.0;
				MTL_ENABLE_DEBUG_INFO = YES;
				ONLY_ACTIVE_ARCH = YES;
				SDKROOT = iphoneos;
			};
			name = Debug;
		};
		7373D2E51CD0B7FB00332D91 /* Release */ = {
			isa = XCBuildConfiguration;
			buildSettings = {
				ALWAYS_SEARCH_USER_PATHS = NO;
				CLANG_ANALYZER_NONNULL = YES;
				CLANG_CXX_LANGUAGE_STANDARD = "gnu++0x";
				CLANG_CXX_LIBRARY = "libc++";
				CLANG_ENABLE_MODULES = YES;
				CLANG_ENABLE_OBJC_ARC = YES;
				CLANG_WARN_BOOL_CONVERSION = YES;
				CLANG_WARN_CONSTANT_CONVERSION = YES;
				CLANG_WARN_DIRECT_OBJC_ISA_USAGE = YES_ERROR;
				CLANG_WARN_EMPTY_BODY = YES;
				CLANG_WARN_ENUM_CONVERSION = YES;
				CLANG_WARN_INT_CONVERSION = YES;
				CLANG_WARN_OBJC_ROOT_CLASS = YES_ERROR;
				CLANG_WARN_UNREACHABLE_CODE = YES;
				CLANG_WARN__DUPLICATE_METHOD_MATCH = YES;
				"CODE_SIGN_IDENTITY[sdk=iphoneos*]" = "iPhone Developer";
				COPY_PHASE_STRIP = NO;
				DEBUG_INFORMATION_FORMAT = "dwarf-with-dsym";
				ENABLE_NS_ASSERTIONS = NO;
				ENABLE_STRICT_OBJC_MSGSEND = YES;
				GCC_C_LANGUAGE_STANDARD = gnu99;
				GCC_NO_COMMON_BLOCKS = YES;
				GCC_WARN_64_TO_32_BIT_CONVERSION = YES;
				GCC_WARN_ABOUT_RETURN_TYPE = YES_ERROR;
				GCC_WARN_UNDECLARED_SELECTOR = YES;
				GCC_WARN_UNINITIALIZED_AUTOS = YES_AGGRESSIVE;
				GCC_WARN_UNUSED_FUNCTION = YES;
				GCC_WARN_UNUSED_VARIABLE = YES;
				IPHONEOS_DEPLOYMENT_TARGET = 7.0;
				MTL_ENABLE_DEBUG_INFO = NO;
				SDKROOT = iphoneos;
				VALIDATE_PRODUCT = YES;
			};
			name = Release;
		};
		7373D2E71CD0B7FB00332D91 /* Debug */ = {
			isa = XCBuildConfiguration;
			buildSettings = {
				HEADER_SEARCH_PATHS = "../Pods/Headers/Public/**";
				LIBRARY_SEARCH_PATHS = "../Pods/Headers/Public/**";
				OTHER_LDFLAGS = "-ObjC";
				PRODUCT_NAME = "$(TARGET_NAME)";
				SKIP_INSTALL = YES;
				VALIDATE_PRODUCT = NO;
				VALID_ARCHS = "arm64 armv7 armv7s";
			};
			name = Debug;
		};
		7373D2E81CD0B7FB00332D91 /* Release */ = {
			isa = XCBuildConfiguration;
			buildSettings = {
				HEADER_SEARCH_PATHS = "../Pods/Headers/Public/**";
				LIBRARY_SEARCH_PATHS = "../Pods/Headers/Public/**";
				ONLY_ACTIVE_ARCH = NO;
				OTHER_LDFLAGS = "-ObjC";
				PRODUCT_NAME = "$(TARGET_NAME)";
				SKIP_INSTALL = YES;
				VALIDATE_PRODUCT = YES;
				VALID_ARCHS = "arm64 armv7 armv7s";
			};
			name = Release;
		};
/* End XCBuildConfiguration section */

/* Begin XCConfigurationList section */
		735ADFCE1E83673F00F79620 /* Build configuration list for PBXNativeTarget "simpleCommonBundle" */ = {
			isa = XCConfigurationList;
			buildConfigurations = (
				735ADFCF1E83673F00F79620 /* Debug */,
				735ADFD01E83673F00F79620 /* Release */,
			);
			defaultConfigurationIsVisible = 0;
			defaultConfigurationName = Release;
		};
		7373D2D81CD0B7FB00332D91 /* Build configuration list for PBXProject "SimpleCommon" */ = {
			isa = XCConfigurationList;
			buildConfigurations = (
				7373D2E41CD0B7FB00332D91 /* Debug */,
				7373D2E51CD0B7FB00332D91 /* Release */,
			);
			defaultConfigurationIsVisible = 0;
			defaultConfigurationName = Release;
		};
		7373D2E61CD0B7FB00332D91 /* Build configuration list for PBXNativeTarget "SimpleCommon" */ = {
			isa = XCConfigurationList;
			buildConfigurations = (
				7373D2E71CD0B7FB00332D91 /* Debug */,
				7373D2E81CD0B7FB00332D91 /* Release */,
			);
			defaultConfigurationIsVisible = 0;
			defaultConfigurationName = Release;
		};
/* End XCConfigurationList section */
	};
	rootObject = 7373D2D51CD0B7FB00332D91 /* Project object */;
}
